
Microsoft Visual Studio Solution File, Format Version 12.00
# Visual Studio Version 17
VisualStudioVersion = 17.1.32407.343
MinimumVisualStudioVersion = 10.0.40219.1
Project("{9A19103F-16F7-4668-BE54-9A1E7A4F7556}") = "HelloWorld.IntegrationTests", "HelloWorld.IntegrationTests\HelloWorld.IntegrationTests.csproj", "{3F03ED4D-CEB3-43F2-9FAD-D2EA817EDFE8}"
EndProject
Project("{9A19103F-16F7-4668-BE54-9A1E7A4F7556}") = "API", "API\API.csproj", "{6CDA2EB0-BDD1-46BB-841A-DFBC8E14CDFA}"
EndProject
Global
	GlobalSection(SolutionConfigurationPlatforms) = preSolution
		Debug|Any CPU = Debug|Any CPU
		Debug|x86 = Debug|x86
		Release|Any CPU = Release|Any CPU
		Release|x86 = Release|x86
	EndGlobalSection
	GlobalSection(ProjectConfigurationPlatforms) = postSolution
		{3F03ED4D-CEB3-43F2-9FAD-D2EA817EDFE8}.Debug|Any CPU.ActiveCfg = Debug|Any CPU
		{3F03ED4D-CEB3-43F2-9FAD-D2EA817EDFE8}.Debug|Any CPU.Build.0 = Debug|Any CPU
		{3F03ED4D-CEB3-43F2-9FAD-D2EA817EDFE8}.Debug|x86.ActiveCfg = Debug|Any CPU
		{3F03ED4D-CEB3-43F2-9FAD-D2EA817EDFE8}.Debug|x86.Build.0 = Debug|Any CPU
		{3F03ED4D-CEB3-43F2-9FAD-D2EA817EDFE8}.Release|Any CPU.ActiveCfg = Release|Any CPU
		{3F03ED4D-CEB3-43F2-9FAD-D2EA817EDFE8}.Release|Any CPU.Build.0 = Release|Any CPU
		{3F03ED4D-CEB3-43F2-9FAD-D2EA817EDFE8}.Release|x86.ActiveCfg = Release|Any CPU
		{3F03ED4D-CEB3-43F2-9FAD-D2EA817EDFE8}.Release|x86.Build.0 = Release|Any CPU
		{6CDA2EB0-BDD1-46BB-841A-DFBC8E14CDFA}.Debug|Any CPU.ActiveCfg = Debug|Any CPU
		{6CDA2EB0-BDD1-46BB-841A-DFBC8E14CDFA}.Debug|Any CPU.Build.0 = Debug|Any CPU
		{6CDA2EB0-BDD1-46BB-841A-DFBC8E14CDFA}.Debug|x86.ActiveCfg = Debug|Any CPU
		{6CDA2EB0-BDD1-46BB-841A-DFBC8E14CDFA}.Debug|x86.Build.0 = Debug|Any CPU
		{6CDA2EB0-BDD1-46BB-841A-DFBC8E14CDFA}.Release|Any CPU.ActiveCfg = Release|Any CPU
		{6CDA2EB0-BDD1-46BB-841A-DFBC8E14CDFA}.Release|Any CPU.Build.0 = Release|Any CPU
		{6CDA2EB0-BDD1-46BB-841A-DFBC8E14CDFA}.Release|x86.ActiveCfg = Release|Any CPU
		{6CDA2EB0-BDD1-46BB-841A-DFBC8E14CDFA}.Release|x86.Build.0 = Release|Any CPU
	EndGlobalSection
	GlobalSection(SolutionProperties) = preSolution
		HideSolutionNode = FALSE
	EndGlobalSection
	GlobalSection(ExtensibilityGlobals) = postSolution
		SolutionGuid = {B04DEA43-410E-448D-9D1D-4BA1056EDF33}
	EndGlobalSection
EndGlobal
